
Microsoft Visual Studio Solution File, Format Version 12.00
# Visual Studio 15
VisualStudioVersion = 15.0.28307.271
MinimumVisualStudioVersion = 10.0.40219.1
Project("{FAE04EC0-301F-11D3-BF4B-00C04F79EFBC}") = "DES", "DES\DES.csproj", "{CEF02AF1-F7D8-47F7-A4A6-6CEC6E19215C}"
EndProject
Global
	GlobalSection(SolutionConfigurationPlatforms) = preSolution
		Debug|Any CPU = Debug|Any CPU
		Release|Any CPU = Release|Any CPU
	EndGlobalSection
	GlobalSection(ProjectConfigurationPlatforms) = postSolution
		{CEF02AF1-F7D8-47F7-A4A6-6CEC6E19215C}.Debug|Any CPU.ActiveCfg = Debug|Any CPU
		{CEF02AF1-F7D8-47F7-A4A6-6CEC6E19215C}.Debug|Any CPU.Build.0 = Debug|Any CPU
		{CEF02AF1-F7D8-47F7-A4A6-6CEC6E19215C}.Release|Any CPU.ActiveCfg = Release|Any CPU
		{CEF02AF1-F7D8-47F7-A4A6-6CEC6E19215C}.Release|Any CPU.Build.0 = Release|Any CPU
	EndGlobalSection
	GlobalSection(SolutionProperties) = preSolution
		HideSolutionNode = FALSE
	EndGlobalSection
	GlobalSection(ExtensibilityGlobals) = postSolution
		SolutionGuid = {3B2AB75B-C19C-4750-8CF0-6A58FD267A1B}
	EndGlobalSection
EndGlobal
