
Microsoft Visual Studio Solution File, Format Version 12.00
# Visual Studio 15
VisualStudioVersion = 15.0.28010.2041
MinimumVisualStudioVersion = 10.0.40219.1
Project("{FAE04EC0-301F-11D3-BF4B-00C04F79EFBC}") = "hash code 2", "hash code 2\hash code 2.csproj", "{8F2672ED-9507-424C-9371-660F9A8E506D}"
EndProject
Global
	GlobalSection(SolutionConfigurationPlatforms) = preSolution
		Debug|Any CPU = Debug|Any CPU
		Release|Any CPU = Release|Any CPU
	EndGlobalSection
	GlobalSection(ProjectConfigurationPlatforms) = postSolution
		{8F2672ED-9507-424C-9371-660F9A8E506D}.Debug|Any CPU.ActiveCfg = Debug|Any CPU
		{8F2672ED-9507-424C-9371-660F9A8E506D}.Debug|Any CPU.Build.0 = Debug|Any CPU
		{8F2672ED-9507-424C-9371-660F9A8E506D}.Release|Any CPU.ActiveCfg = Release|Any CPU
		{8F2672ED-9507-424C-9371-660F9A8E506D}.Release|Any CPU.Build.0 = Release|Any CPU
	EndGlobalSection
	GlobalSection(SolutionProperties) = preSolution
		HideSolutionNode = FALSE
	EndGlobalSection
	GlobalSection(ExtensibilityGlobals) = postSolution
		SolutionGuid = {D1F7652A-CAF8-4B0F-9D3C-BE9C5ECABC44}
	EndGlobalSection
EndGlobal
